// !$*UTF8*$!
{
	archiveVersion = 1;
	classes = {
	};
	objectVersion = 50;
	objects = {

/* Begin PBXBuildFile section */
		2F0F8D3A22E093D200898CEF /* UITextField+FFT_Category.m in Sources */ = {isa = PBXBuildFile; fileRef = 2F0F8D3922E093D200898CEF /* UITextField+FFT_Category.m */; };
		2F50339B22E0933C00224801 /* AppDelegate.m in Sources */ = {isa = PBXBuildFile; fileRef = 2F50339A22E0933C00224801 /* AppDelegate.m */; };
		2F50339E22E0933C00224801 /* ViewController.m in Sources */ = {isa = PBXBuildFile; fileRef = 2F50339D22E0933C00224801 /* ViewController.m */; };
		2F5033A122E0933C00224801 /* Main.storyboard in Resources */ = {isa = PBXBuildFile; fileRef = 2F50339F22E0933C00224801 /* Main.storyboard */; };
		2F5033A322E0933E00224801 /* Assets.xcassets in Resources */ = {isa = PBXBuildFile; fileRef = 2F5033A222E0933E00224801 /* Assets.xcassets */; };
		2F5033A622E0933E00224801 /* LaunchScreen.storyboard in Resources */ = {isa = PBXBuildFile; fileRef = 2F5033A422E0933E00224801 /* LaunchScreen.storyboard */; };
		2F5033A922E0933E00224801 /* main.m in Sources */ = {isa = PBXBuildFile; fileRef = 2F5033A822E0933E00224801 /* main.m */; };
		2F5033B322E0933E00224801 /* FFTTextFieldTests.m in Sources */ = {isa = PBXBuildFile; fileRef = 2F5033B222E0933E00224801 /* FFTTextFieldTests.m */; };
		2F5033BE22E0933E00224801 /* FFTTextFieldUITests.m in Sources */ = {isa = PBXBuildFile; fileRef = 2F5033BD22E0933E00224801 /* FFTTextFieldUITests.m */; };
		611B2972D43AB6C2F2393BE7 /* libPods-FFTTextField.a in Frameworks */ = {isa = PBXBuildFile; fileRef = 0F55334C2B2A7CDF1F856228 /* libPods-FFTTextField.a */; };
/* End PBXBuildFile section */

/* Begin PBXContainerItemProxy section */
		2F5033AF22E0933E00224801 /* PBXContainerItemProxy */ = {
			isa = PBXContainerItemProxy;
			containerPortal = 2F50338E22E0933C00224801 /* Project object */;
			proxyType = 1;
			remoteGlobalIDString = 2F50339522E0933C00224801;
			remoteInfo = FFTTextField;
		};
		2F5033BA22E0933E00224801 /* PBXContainerItemProxy */ = {
			isa = PBXContainerItemProxy;
			containerPortal = 2F50338E22E0933C00224801 /* Project object */;
			proxyType = 1;
			remoteGlobalIDString = 2F50339522E0933C00224801;
			remoteInfo = FFTTextField;
		};
/* End PBXContainerItemProxy section */

/* Begin PBXFileReference section */
		0F55334C2B2A7CDF1F856228 /* libPods-FFTTextField.a */ = {isa = PBXFileReference; explicitFileType = archive.ar; includeInIndex = 0; path = "libPods-FFTTextField.a"; sourceTree = BUILT_PRODUCTS_DIR; };
		1445D1E4612E38FC7A02B942 /* Pods-FFTTextField.release.xcconfig */ = {isa = PBXFileReference; includeInIndex = 1; lastKnownFileType = text.xcconfig; name = "Pods-FFTTextField.release.xcconfig"; path = "Target Support Files/Pods-FFTTextField/Pods-FFTTextField.release.xcconfig"; sourceTree = "<group>"; };
		2F0F8D3822E093D200898CEF /* UITextField+FFT_Category.h */ = {isa = PBXFileReference; lastKnownFileType = sourcecode.c.h; path = "UITextField+FFT_Category.h"; sourceTree = "<group>"; };
		2F0F8D3922E093D200898CEF /* UITextField+FFT_Category.m */ = {isa = PBXFileReference; lastKnownFileType = sourcecode.c.objc; path = "UITextField+FFT_Category.m"; sourceTree = "<group>"; };
		2F50339622E0933C00224801 /* FFTTextField.app */ = {isa = PBXFileReference; explicitFileType = wrapper.application; includeInIndex = 0; path = FFTTextField.app; sourceTree = BUILT_PRODUCTS_DIR; };
		2F50339922E0933C00224801 /* AppDelegate.h */ = {isa = PBXFileReference; lastKnownFileType = sourcecode.c.h; path = AppDelegate.h; sourceTree = "<group>"; };
		2F50339A22E0933C00224801 /* AppDelegate.m */ = {isa = PBXFileReference; lastKnownFileType = sourcecode.c.objc; path = AppDelegate.m; sourceTree = "<group>"; };
		2F50339C22E0933C00224801 /* ViewController.h */ = {isa = PBXFileReference; lastKnownFileType = sourcecode.c.h; path = ViewController.h; sourceTree = "<group>"; };
		2F50339D22E0933C00224801 /* ViewController.m */ = {isa = PBXFileReference; lastKnownFileType = sourcecode.c.objc; path = ViewController.m; sourceTree = "<group>"; };
		2F5033A022E0933C00224801 /* Base */ = {isa = PBXFileReference; lastKnownFileType = file.storyboard; name = Base; path = Base.lproj/Main.storyboard; sourceTree = "<group>"; };
		2F5033A222E0933E00224801 /* Assets.xcassets */ = {isa = PBXFileReference; lastKnownFileType = folder.assetcatalog; path = Assets.xcassets; sourceTree = "<group>"; };
		2F5033A522E0933E00224801 /* Base */ = {isa = PBXFileReference; lastKnownFileType = file.storyboard; name = Base; path = Base.lproj/LaunchScreen.storyboard; sourceTree = "<group>"; };
		2F5033A722E0933E00224801 /* Info.plist */ = {isa = PBXFileReference; lastKnownFileType = text.plist.xml; path = Info.plist; sourceTree = "<group>"; };
		2F5033A822E0933E00224801 /* main.m */ = {isa = PBXFileReference; lastKnownFileType = sourcecode.c.objc; path = main.m; sourceTree = "<group>"; };
		2F5033AE22E0933E00224801 /* FFTTextFieldTests.xctest */ = {isa = PBXFileReference; explicitFileType = wrapper.cfbundle; includeInIndex = 0; path = FFTTextFieldTests.xctest; sourceTree = BUILT_PRODUCTS_DIR; };
		2F5033B222E0933E00224801 /* FFTTextFieldTests.m */ = {isa = PBXFileReference; lastKnownFileType = sourcecode.c.objc; path = FFTTextFieldTests.m; sourceTree = "<group>"; };
		2F5033B422E0933E00224801 /* Info.plist */ = {isa = PBXFileReference; lastKnownFileType = text.plist.xml; path = Info.plist; sourceTree = "<group>"; };
		2F5033B922E0933E00224801 /* FFTTextFieldUITests.xctest */ = {isa = PBXFileReference; explicitFileType = wrapper.cfbundle; includeInIndex = 0; path = FFTTextFieldUITests.xctest; sourceTree = BUILT_PRODUCTS_DIR; };
		2F5033BD22E0933E00224801 /* FFTTextFieldUITests.m */ = {isa = PBXFileReference; lastKnownFileType = sourcecode.c.objc; path = FFTTextFieldUITests.m; sourceTree = "<group>"; };
		2F5033BF22E0933E00224801 /* Info.plist */ = {isa = PBXFileReference; lastKnownFileType = text.plist.xml; path = Info.plist; sourceTree = "<group>"; };
		B3785ECD3A5B935EA77AED31 /* Pods-FFTTextField.debug.xcconfig */ = {isa = PBXFileReference; includeInIndex = 1; lastKnownFileType = text.xcconfig; name = "Pods-FFTTextField.debug.xcconfig"; path = "Target Support Files/Pods-FFTTextField/Pods-FFTTextField.debug.xcconfig"; sourceTree = "<group>"; };
/* End PBXFileReference section */

/* Begin PBXFrameworksBuildPhase section */
		2F50339322E0933C00224801 /* Frameworks */ = {
			isa = PBXFrameworksBuildPhase;
			buildActionMask = 2147483647;
			files = (
				611B2972D43AB6C2F2393BE7 /* libPods-FFTTextField.a in Frameworks */,
			);
			runOnlyForDeploymentPostprocessing = 0;
		};
		2F5033AB22E0933E00224801 /* Frameworks */ = {
			isa = PBXFrameworksBuildPhase;
			buildActionMask = 2147483647;
			files = (
			);
			runOnlyForDeploymentPostprocessing = 0;
		};
		2F5033B622E0933E00224801 /* Frameworks */ = {
			isa = PBXFrameworksBuildPhase;
			buildActionMask = 2147483647;
			files = (
			);
			runOnlyForDeploymentPostprocessing = 0;
		};
/* End PBXFrameworksBuildPhase section */

/* Begin PBXGroup section */
		2F50338D22E0933C00224801 = {
			isa = PBXGroup;
			children = (
				2F50339822E0933C00224801 /* FFTTextField */,
				2F5033B122E0933E00224801 /* FFTTextFieldTests */,
				2F5033BC22E0933E00224801 /* FFTTextFieldUITests */,
				2F50339722E0933C00224801 /* Products */,
				A7AF53708E00FB7473BFC5B1 /* Pods */,
				E167236C11E3806628589988 /* Frameworks */,
			);
			sourceTree = "<group>";
		};
		2F50339722E0933C00224801 /* Products */ = {
			isa = PBXGroup;
			children = (
				2F50339622E0933C00224801 /* FFTTextField.app */,
				2F5033AE22E0933E00224801 /* FFTTextFieldTests.xctest */,
				2F5033B922E0933E00224801 /* FFTTextFieldUITests.xctest */,
			);
			name = Products;
			sourceTree = "<group>";
		};
		2F50339822E0933C00224801 /* FFTTextField */ = {
			isa = PBXGroup;
			children = (
				2F50339922E0933C00224801 /* AppDelegate.h */,
				2F50339A22E0933C00224801 /* AppDelegate.m */,
				2F50339C22E0933C00224801 /* ViewController.h */,
				2F50339D22E0933C00224801 /* ViewController.m */,
				2F5033CB22E0936C00224801 /* FFTTextField */,
				2F50339F22E0933C00224801 /* Main.storyboard */,
				2F5033A222E0933E00224801 /* Assets.xcassets */,
				2F5033A422E0933E00224801 /* LaunchScreen.storyboard */,
				2F5033A722E0933E00224801 /* Info.plist */,
				2F5033A822E0933E00224801 /* main.m */,
			);
			path = FFTTextField;
			sourceTree = "<group>";
		};
		2F5033B122E0933E00224801 /* FFTTextFieldTests */ = {
			isa = PBXGroup;
			children = (
				2F5033B222E0933E00224801 /* FFTTextFieldTests.m */,
				2F5033B422E0933E00224801 /* Info.plist */,
			);
			path = FFTTextFieldTests;
			sourceTree = "<group>";
		};
		2F5033BC22E0933E00224801 /* FFTTextFieldUITests */ = {
			isa = PBXGroup;
			children = (
				2F5033BD22E0933E00224801 /* FFTTextFieldUITests.m */,
				2F5033BF22E0933E00224801 /* Info.plist */,
			);
			path = FFTTextFieldUITests;
			sourceTree = "<group>";
		};
		2F5033CB22E0936C00224801 /* FFTTextField */ = {
			isa = PBXGroup;
			children = (
				2F0F8D3822E093D200898CEF /* UITextField+FFT_Category.h */,
				2F0F8D3922E093D200898CEF /* UITextField+FFT_Category.m */,
			);
			path = FFTTextField;
			sourceTree = "<group>";
		};
		A7AF53708E00FB7473BFC5B1 /* Pods */ = {
			isa = PBXGroup;
			children = (
				B3785ECD3A5B935EA77AED31 /* Pods-FFTTextField.debug.xcconfig */,
				1445D1E4612E38FC7A02B942 /* Pods-FFTTextField.release.xcconfig */,
			);
			name = Pods;
			path = Pods;
			sourceTree = "<group>";
		};
		E167236C11E3806628589988 /* Frameworks */ = {
			isa = PBXGroup;
			children = (
				0F55334C2B2A7CDF1F856228 /* libPods-FFTTextField.a */,
			);
			name = Frameworks;
			sourceTree = "<group>";
		};
/* End PBXGroup section */

/* Begin PBXNativeTarget section */
		2F50339522E0933C00224801 /* FFTTextField */ = {
			isa = PBXNativeTarget;
			buildConfigurationList = 2F5033C222E0933E00224801 /* Build configuration list for PBXNativeTarget "FFTTextField" */;
			buildPhases = (
				5E50845A06A9E4F1B0E6C889 /* [CP] Check Pods Manifest.lock */,
				2F50339222E0933C00224801 /* Sources */,
				2F50339322E0933C00224801 /* Frameworks */,
				2F50339422E0933C00224801 /* Resources */,
			);
			buildRules = (
			);
			dependencies = (
			);
			name = FFTTextField;
			productName = FFTTextField;
			productReference = 2F50339622E0933C00224801 /* FFTTextField.app */;
			productType = "com.apple.product-type.application";
		};
		2F5033AD22E0933E00224801 /* FFTTextFieldTests */ = {
			isa = PBXNativeTarget;
			buildConfigurationList = 2F5033C522E0933E00224801 /* Build configuration list for PBXNativeTarget "FFTTextFieldTests" */;
			buildPhases = (
				2F5033AA22E0933E00224801 /* Sources */,
				2F5033AB22E0933E00224801 /* Frameworks */,
				2F5033AC22E0933E00224801 /* Resources */,
			);
			buildRules = (
			);
			dependencies = (
				2F5033B022E0933E00224801 /* PBXTargetDependency */,
			);
			name = FFTTextFieldTests;
			productName = FFTTextFieldTests;
			productReference = 2F5033AE22E0933E00224801 /* FFTTextFieldTests.xctest */;
			productType = "com.apple.product-type.bundle.unit-test";
		};
		2F5033B822E0933E00224801 /* FFTTextFieldUITests */ = {
			isa = PBXNativeTarget;
			buildConfigurationList = 2F5033C822E0933E00224801 /* Build configuration list for PBXNativeTarget "FFTTextFieldUITests" */;
			buildPhases = (
				2F5033B522E0933E00224801 /* Sources */,
				2F5033B622E0933E00224801 /* Frameworks */,
				2F5033B722E0933E00224801 /* Resources */,
			);
			buildRules = (
			);
			dependencies = (
				2F5033BB22E0933E00224801 /* PBXTargetDependency */,
			);
			name = FFTTextFieldUITests;
			productName = FFTTextFieldUITests;
			productReference = 2F5033B922E0933E00224801 /* FFTTextFieldUITests.xctest */;
			productType = "com.apple.product-type.bundle.ui-testing";
		};
/* End PBXNativeTarget section */

/* Begin PBXProject section */
		2F50338E22E0933C00224801 /* Project object */ = {
			isa = PBXProject;
			attributes = {
				LastUpgradeCheck = 1020;
				ORGANIZATIONNAME = "四五20";
				TargetAttributes = {
					2F50339522E0933C00224801 = {
						CreatedOnToolsVersion = 10.2.1;
					};
					2F5033AD22E0933E00224801 = {
						CreatedOnToolsVersion = 10.2.1;
						TestTargetID = 2F50339522E0933C00224801;
					};
					2F5033B822E0933E00224801 = {
						CreatedOnToolsVersion = 10.2.1;
						TestTargetID = 2F50339522E0933C00224801;
					};
				};
			};
			buildConfigurationList = 2F50339122E0933C00224801 /* Build configuration list for PBXProject "FFTTextField" */;
			compatibilityVersion = "Xcode 9.3";
			developmentRegion = en;
			hasScannedForEncodings = 0;
			knownRegions = (
				en,
				Base,
			);
			mainGroup = 2F50338D22E0933C00224801;
			productRefGroup = 2F50339722E0933C00224801 /* Products */;
			projectDirPath = "";
			projectRoot = "";
			targets = (
				2F50339522E0933C00224801 /* FFTTextField */,
				2F5033AD22E0933E00224801 /* FFTTextFieldTests */,
				2F5033B822E0933E00224801 /* FFTTextFieldUITests */,
			);
		};
/* End PBXProject section */

/* Begin PBXResourcesBuildPhase section */
		2F50339422E0933C00224801 /* Resources */ = {
			isa = PBXResourcesBuildPhase;
			buildActionMask = 2147483647;
			files = (
				2F5033A622E0933E00224801 /* LaunchScreen.storyboard in Resources */,
				2F5033A322E0933E00224801 /* Assets.xcassets in Resources */,
				2F5033A122E0933C00224801 /* Main.storyboard in Resources */,
			);
			runOnlyForDeploymentPostprocessing = 0;
		};
		2F5033AC22E0933E00224801 /* Resources */ = {
			isa = PBXResourcesBuildPhase;
			buildActionMask = 2147483647;
			files = (
			);
			runOnlyForDeploymentPostprocessing = 0;
		};
		2F5033B722E0933E00224801 /* Resources */ = {
			isa = PBXResourcesBuildPhase;
			buildActionMask = 2147483647;
			files = (
			);
			runOnlyForDeploymentPostprocessing = 0;
		};
/* End PBXResourcesBuildPhase section */

/* Begin PBXShellScriptBuildPhase section */
		5E50845A06A9E4F1B0E6C889 /* [CP] Check Pods Manifest.lock */ = {
			isa = PBXShellScriptBuildPhase;
			buildActionMask = 2147483647;
			files = (
			);
			inputFileListPaths = (
			);
			inputPaths = (
				"${PODS_PODFILE_DIR_PATH}/Podfile.lock",
				"${PODS_ROOT}/Manifest.lock",
			);
			name = "[CP] Check Pods Manifest.lock";
			outputFileListPaths = (
			);
			outputPaths = (
				"$(DERIVED_FILE_DIR)/Pods-FFTTextField-checkManifestLockResult.txt",
			);
			runOnlyForDeploymentPostprocessing = 0;
			shellPath = /bin/sh;
			shellScript = "diff \"${PODS_PODFILE_DIR_PATH}/Podfile.lock\" \"${PODS_ROOT}/Manifest.lock\" > /dev/null\nif [ $? != 0 ] ; then\n    # print error to STDERR\n    echo \"error: The sandbox is not in sync with the Podfile.lock. Run 'pod install' or update your CocoaPods installation.\" >&2\n    exit 1\nfi\n# This output is used by Xcode 'outputs' to avoid re-running this script phase.\necho \"SUCCESS\" > \"${SCRIPT_OUTPUT_FILE_0}\"\n";
			showEnvVarsInLog = 0;
		};
/* End PBXShellScriptBuildPhase section */

/* Begin PBXSourcesBuildPhase section */
		2F50339222E0933C00224801 /* Sources */ = {
			isa = PBXSourcesBuildPhase;
			buildActionMask = 2147483647;
			files = (
				2F0F8D3A22E093D200898CEF /* UITextField+FFT_Category.m in Sources */,
				2F50339E22E0933C00224801 /* ViewController.m in Sources */,
				2F5033A922E0933E00224801 /* main.m in Sources */,
				2F50339B22E0933C00224801 /* AppDelegate.m in Sources */,
			);
			runOnlyForDeploymentPostprocessing = 0;
		};
		2F5033AA22E0933E00224801 /* Sources */ = {
			isa = PBXSourcesBuildPhase;
			buildActionMask = 2147483647;
			files = (
				2F5033B322E0933E00224801 /* FFTTextFieldTests.m in Sources */,
			);
			runOnlyForDeploymentPostprocessing = 0;
		};
		2F5033B522E0933E00224801 /* Sources */ = {
			isa = PBXSourcesBuildPhase;
			buildActionMask = 2147483647;
			files = (
				2F5033BE22E0933E00224801 /* FFTTextFieldUITests.m in Sources */,
			);
			runOnlyForDeploymentPostprocessing = 0;
		};
/* End PBXSourcesBuildPhase section */

/* Begin PBXTargetDependency section */
		2F5033B022E0933E00224801 /* PBXTargetDependency */ = {
			isa = PBXTargetDependency;
			target = 2F50339522E0933C00224801 /* FFTTextField */;
			targetProxy = 2F5033AF22E0933E00224801 /* PBXContainerItemProxy */;
		};
		2F5033BB22E0933E00224801 /* PBXTargetDependency */ = {
			isa = PBXTargetDependency;
			target = 2F50339522E0933C00224801 /* FFTTextField */;
			targetProxy = 2F5033BA22E0933E00224801 /* PBXContainerItemProxy */;
		};
/* End PBXTargetDependency section */

/* Begin PBXVariantGroup section */
		2F50339F22E0933C00224801 /* Main.storyboard */ = {
			isa = PBXVariantGroup;
			children = (
				2F5033A022E0933C00224801 /* Base */,
			);
			name = Main.storyboard;
			sourceTree = "<group>";
		};
		2F5033A422E0933E00224801 /* LaunchScreen.storyboard */ = {
			isa = PBXVariantGroup;
			children = (
				2F5033A522E0933E00224801 /* Base */,
			);
			name = LaunchScreen.storyboard;
			sourceTree = "<group>";
		};
/* End PBXVariantGroup section */

/* Begin XCBuildConfiguration section */
		2F5033C022E0933E00224801 /* Debug */ = {
			isa = XCBuildConfiguration;
			buildSettings = {
				ALWAYS_SEARCH_USER_PATHS = NO;
				CLANG_ANALYZER_NONNULL = YES;
				CLANG_ANALYZER_NUMBER_OBJECT_CONVERSION = YES_AGGRESSIVE;
				CLANG_CXX_LANGUAGE_STANDARD = "gnu++14";
				CLANG_CXX_LIBRARY = "libc++";
				CLANG_ENABLE_MODULES = YES;
				CLANG_ENABLE_OBJC_ARC = YES;
				CLANG_ENABLE_OBJC_WEAK = YES;
				CLANG_WARN_BLOCK_CAPTURE_AUTORELEASING = YES;
				CLANG_WARN_BOOL_CONVERSION = YES;
				CLANG_WARN_COMMA = YES;
				CLANG_WARN_CONSTANT_CONVERSION = YES;
				CLANG_WARN_DEPRECATED_OBJC_IMPLEMENTATIONS = YES;
				CLANG_WARN_DIRECT_OBJC_ISA_USAGE = YES_ERROR;
				CLANG_WARN_DOCUMENTATION_COMMENTS = YES;
				CLANG_WARN_EMPTY_BODY = YES;
				CLANG_WARN_ENUM_CONVERSION = YES;
				CLANG_WARN_INFINITE_RECURSION = YES;
				CLANG_WARN_INT_CONVERSION = YES;
				CLANG_WARN_NON_LITERAL_NULL_CONVERSION = YES;
				CLANG_WARN_OBJC_IMPLICIT_RETAIN_SELF = YES;
				CLANG_WARN_OBJC_LITERAL_CONVERSION = YES;
				CLANG_WARN_OBJC_ROOT_CLASS = YES_ERROR;
				CLANG_WARN_RANGE_LOOP_ANALYSIS = YES;
				CLANG_WARN_STRICT_PROTOTYPES = YES;
				CLANG_WARN_SUSPICIOUS_MOVE = YES;
				CLANG_WARN_UNGUARDED_AVAILABILITY = YES_AGGRESSIVE;
				CLANG_WARN_UNREACHABLE_CODE = YES;
				CLANG_WARN__DUPLICATE_METHOD_MATCH = YES;
				CODE_SIGN_IDENTITY = "iPhone Developer";
				COPY_PHASE_STRIP = NO;
				DEBUG_INFORMATION_FORMAT = dwarf;
				ENABLE_STRICT_OBJC_MSGSEND = YES;
				ENABLE_TESTABILITY = YES;
				GCC_C_LANGUAGE_STANDARD = gnu11;
				GCC_DYNAMIC_NO_PIC = NO;
				GCC_NO_COMMON_BLOCKS = YES;
				GCC_OPTIMIZATION_LEVEL = 0;
				GCC_PREPROCESSOR_DEFINITIONS = (
					"DEBUG=1",
					"$(inherited)",
				);
				GCC_WARN_64_TO_32_BIT_CONVERSION = YES;
				GCC_WARN_ABOUT_RETURN_TYPE = YES_ERROR;
				GCC_WARN_UNDECLARED_SELECTOR = YES;
				GCC_WARN_UNINITIALIZED_AUTOS = YES_AGGRESSIVE;
				GCC_WARN_UNUSED_FUNCTION = YES;
				GCC_WARN_UNUSED_VARIABLE = YES;
				IPHONEOS_DEPLOYMENT_TARGET = 12.2;
				MTL_ENABLE_DEBUG_INFO = INCLUDE_SOURCE;
				MTL_FAST_MATH = YES;
				ONLY_ACTIVE_ARCH = YES;
				SDKROOT = iphoneos;
			};
			name = Debug;
		};
		2F5033C122E0933E00224801 /* Release */ = {
			isa = XCBuildConfiguration;
			buildSettings = {
				ALWAYS_SEARCH_USER_PATHS = NO;
				CLANG_ANALYZER_NONNULL = YES;
				CLANG_ANALYZER_NUMBER_OBJECT_CONVERSION = YES_AGGRESSIVE;
				CLANG_CXX_LANGUAGE_STANDARD = "gnu++14";
				CLANG_CXX_LIBRARY = "libc++";
				CLANG_ENABLE_MODULES = YES;
				CLANG_ENABLE_OBJC_ARC = YES;
				CLANG_ENABLE_OBJC_WEAK = YES;
				CLANG_WARN_BLOCK_CAPTURE_AUTORELEASING = YES;
				CLANG_WARN_BOOL_CONVERSION = YES;
				CLANG_WARN_COMMA = YES;
				CLANG_WARN_CONSTANT_CONVERSION = YES;
				CLANG_WARN_DEPRECATED_OBJC_IMPLEMENTATIONS = YES;
				CLANG_WARN_DIRECT_OBJC_ISA_USAGE = YES_ERROR;
				CLANG_WARN_DOCUMENTATION_COMMENTS = YES;
				CLANG_WARN_EMPTY_BODY = YES;
				CLANG_WARN_ENUM_CONVERSION = YES;
				CLANG_WARN_INFINITE_RECURSION = YES;
				CLANG_WARN_INT_CONVERSION = YES;
				CLANG_WARN_NON_LITERAL_NULL_CONVERSION = YES;
				CLANG_WARN_OBJC_IMPLICIT_RETAIN_SELF = YES;
				CLANG_WARN_OBJC_LITERAL_CONVERSION = YES;
				CLANG_WARN_OBJC_ROOT_CLASS = YES_ERROR;
				CLANG_WARN_RANGE_LOOP_ANALYSIS = YES;
				CLANG_WARN_STRICT_PROTOTYPES = YES;
				CLANG_WARN_SUSPICIOUS_MOVE = YES;
				CLANG_WARN_UNGUARDED_AVAILABILITY = YES_AGGRESSIVE;
				CLANG_WARN_UNREACHABLE_CODE = YES;
				CLANG_WARN__DUPLICATE_METHOD_MATCH = YES;
				CODE_SIGN_IDENTITY = "iPhone Developer";
				COPY_PHASE_STRIP = NO;
				DEBUG_INFORMATION_FORMAT = "dwarf-with-dsym";
				ENABLE_NS_ASSERTIONS = NO;
				ENABLE_STRICT_OBJC_MSGSEND = YES;
				GCC_C_LANGUAGE_STANDARD = gnu11;
				GCC_NO_COMMON_BLOCKS = YES;
				GCC_WARN_64_TO_32_BIT_CONVERSION = YES;
				GCC_WARN_ABOUT_RETURN_TYPE = YES_ERROR;
				GCC_WARN_UNDECLARED_SELECTOR = YES;
				GCC_WARN_UNINITIALIZED_AUTOS = YES_AGGRESSIVE;
				GCC_WARN_UNUSED_FUNCTION = YES;
				GCC_WARN_UNUSED_VARIABLE = YES;
				IPHONEOS_DEPLOYMENT_TARGET = 12.2;
				MTL_ENABLE_DEBUG_INFO = NO;
				MTL_FAST_MATH = YES;
				SDKROOT = iphoneos;
				VALIDATE_PRODUCT = YES;
			};
			name = Release;
		};
		2F5033C322E0933E00224801 /* Debug */ = {
			isa = XCBuildConfiguration;
			baseConfigurationReference = B3785ECD3A5B935EA77AED31 /* Pods-FFTTextField.debug.xcconfig */;
			buildSettings = {
				ASSETCATALOG_COMPILER_APPICON_NAME = AppIcon;
				CODE_SIGN_STYLE = Automatic;
				DEVELOPMENT_TEAM = C5FT652ZPF;
				INFOPLIST_FILE = FFTTextField/Info.plist;
				IPHONEOS_DEPLOYMENT_TARGET = 11.0;
				LD_RUNPATH_SEARCH_PATHS = (
					"$(inherited)",
					"@executable_path/Frameworks",
				);
				PRODUCT_BUNDLE_IDENTIFIER = FFT.FFTTextField;
				PRODUCT_NAME = "$(TARGET_NAME)";
				TARGETED_DEVICE_FAMILY = "1,2";
			};
			name = Debug;
		};
		2F5033C422E0933E00224801 /* Release */ = {
			isa = XCBuildConfiguration;
			baseConfigurationReference = 1445D1E4612E38FC7A02B942 /* Pods-FFTTextField.release.xcconfig */;
			buildSettings = {
				ASSETCATALOG_COMPILER_APPICON_NAME = AppIcon;
				CODE_SIGN_STYLE = Automatic;
				DEVELOPMENT_TEAM = C5FT652ZPF;
				INFOPLIST_FILE = FFTTextField/Info.plist;
				IPHONEOS_DEPLOYMENT_TARGET = 11.0;
				LD_RUNPATH_SEARCH_PATHS = (
					"$(inherited)",
					"@executable_path/Frameworks",
				);
				PRODUCT_BUNDLE_IDENTIFIER = FFT.FFTTextField;
				PRODUCT_NAME = "$(TARGET_NAME)";
				TARGETED_DEVICE_FAMILY = "1,2";
			};
			name = Release;
		};
		2F5033C622E0933E00224801 /* Debug */ = {
			isa = XCBuildConfiguration;
			buildSettings = {
				BUNDLE_LOADER = "$(TEST_HOST)";
				CODE_SIGN_STYLE = Automatic;
				INFOPLIST_FILE = FFTTextFieldTests/Info.plist;
				LD_RUNPATH_SEARCH_PATHS = (
					"$(inherited)",
					"@executable_path/Frameworks",
					"@loader_path/Frameworks",
				);
				PRODUCT_BUNDLE_IDENTIFIER = FFT.FFTTextFieldTests;
				PRODUCT_NAME = "$(TARGET_NAME)";
				TARGETED_DEVICE_FAMILY = "1,2";
				TEST_HOST = "$(BUILT_PRODUCTS_DIR)/FFTTextField.app/FFTTextField";
			};
			name = Debug;
		};
		2F5033C722E0933E00224801 /* Release */ = {
			isa = XCBuildConfiguration;
			buildSettings = {
				BUNDLE_LOADER = "$(TEST_HOST)";
				CODE_SIGN_STYLE = Automatic;
				INFOPLIST_FILE = FFTTextFieldTests/Info.plist;
				LD_RUNPATH_SEARCH_PATHS = (
					"$(inherited)",
					"@executable_path/Frameworks",
					"@loader_path/Frameworks",
				);
				PRODUCT_BUNDLE_IDENTIFIER = FFT.FFTTextFieldTests;
				PRODUCT_NAME = "$(TARGET_NAME)";
				TARGETED_DEVICE_FAMILY = "1,2";
				TEST_HOST = "$(BUILT_PRODUCTS_DIR)/FFTTextField.app/FFTTextField";
			};
			name = Release;
		};
		2F5033C922E0933E00224801 /* Debug */ = {
			isa = XCBuildConfiguration;
			buildSettings = {
				CODE_SIGN_STYLE = Automatic;
				INFOPLIST_FILE = FFTTextFieldUITests/Info.plist;
				LD_RUNPATH_SEARCH_PATHS = (
					"$(inherited)",
					"@executable_path/Frameworks",
					"@loader_path/Frameworks",
				);
				PRODUCT_BUNDLE_IDENTIFIER = FFT.FFTTextFieldUITests;
				PRODUCT_NAME = "$(TARGET_NAME)";
				TARGETED_DEVICE_FAMILY = "1,2";
				TEST_TARGET_NAME = FFTTextField;
			};
			name = Debug;
		};
		2F5033CA22E0933E00224801 /* Release */ = {
			isa = XCBuildConfiguration;
			buildSettings = {
				CODE_SIGN_STYLE = Automatic;
				INFOPLIST_FILE = FFTTextFieldUITests/Info.plist;
				LD_RUNPATH_SEARCH_PATHS = (
					"$(inherited)",
					"@executable_path/Frameworks",
					"@loader_path/Frameworks",
				);
				PRODUCT_BUNDLE_IDENTIFIER = FFT.FFTTextFieldUITests;
				PRODUCT_NAME = "$(TARGET_NAME)";
				TARGETED_DEVICE_FAMILY = "1,2";
				TEST_TARGET_NAME = FFTTextField;
			};
			name = Release;
		};
/* End XCBuildConfiguration section */

/* Begin XCConfigurationList section */
		2F50339122E0933C00224801 /* Build configuration list for PBXProject "FFTTextField" */ = {
			isa = XCConfigurationList;
			buildConfigurations = (
				2F5033C022E0933E00224801 /* Debug */,
				2F5033C122E0933E00224801 /* Release */,
			);
			defaultConfigurationIsVisible = 0;
			defaultConfigurationName = Release;
		};
		2F5033C222E0933E00224801 /* Build configuration list for PBXNativeTarget "FFTTextField" */ = {
			isa = XCConfigurationList;
			buildConfigurations = (
				2F5033C322E0933E00224801 /* Debug */,
				2F5033C422E0933E00224801 /* Release */,
			);
			defaultConfigurationIsVisible = 0;
			defaultConfigurationName = Release;
		};
		2F5033C522E0933E00224801 /* Build configuration list for PBXNativeTarget "FFTTextFieldTests" */ = {
			isa = XCConfigurationList;
			buildConfigurations = (
				2F5033C622E0933E00224801 /* Debug */,
				2F5033C722E0933E00224801 /* Release */,
			);
			defaultConfigurationIsVisible = 0;
			defaultConfigurationName = Release;
		};
		2F5033C822E0933E00224801 /* Build configuration list for PBXNativeTarget "FFTTextFieldUITests" */ = {
			isa = XCConfigurationList;
			buildConfigurations = (
				2F5033C922E0933E00224801 /* Debug */,
				2F5033CA22E0933E00224801 /* Release */,
			);
			defaultConfigurationIsVisible = 0;
			defaultConfigurationName = Release;
		};
/* End XCConfigurationList section */
	};
	rootObject = 2F50338E22E0933C00224801 /* Project object */;
}
